// !$*UTF8*$!
{
	archiveVersion = 1;
	classes = {
	};
	objectVersion = 50;
	objects = {

/* Begin PBXBuildFile section */
		56B52CDF213E4C1600B9E9D4 /* AppDelegate.swift in Sources */ = {isa = PBXBuildFile; fileRef = 56B52CDE213E4C1600B9E9D4 /* AppDelegate.swift */; };
		56B52CE1213E4C1600B9E9D4 /* ViewController.swift in Sources */ = {isa = PBXBuildFile; fileRef = 56B52CE0213E4C1600B9E9D4 /* ViewController.swift */; };
		56B52CE4213E4C1600B9E9D4 /* Main.storyboard in Resources */ = {isa = PBXBuildFile; fileRef = 56B52CE2213E4C1600B9E9D4 /* Main.storyboard */; };
		56B52CE6213E4C1700B9E9D4 /* Assets.xcassets in Resources */ = {isa = PBXBuildFile; fileRef = 56B52CE5213E4C1700B9E9D4 /* Assets.xcassets */; };
		56B52CE9213E4C1700B9E9D4 /* LaunchScreen.storyboard in Resources */ = {isa = PBXBuildFile; fileRef = 56B52CE7213E4C1700B9E9D4 /* LaunchScreen.storyboard */; };
		56B52CF1213E65A500B9E9D4 /* SocketIOManager.swift in Sources */ = {isa = PBXBuildFile; fileRef = 56B52CF0213E65A500B9E9D4 /* SocketIOManager.swift */; };
		56B52CF3213E830C00B9E9D4 /* Test.png in Resources */ = {isa = PBXBuildFile; fileRef = 56B52CF2213E830C00B9E9D4 /* Test.png */; };
		F4A3BCBBEF3FC96E78805E0E /* Pods_SocketNetwork.framework in Frameworks */ = {isa = PBXBuildFile; fileRef = 73D2BD7F3B884854C024D9DD /* Pods_SocketNetwork.framework */; };
/* End PBXBuildFile section */

/* Begin PBXFileReference section */
		00A78ADBBA1F23465AAEA880 /* Pods-SocketNetwork.release.xcconfig */ = {isa = PBXFileReference; includeInIndex = 1; lastKnownFileType = text.xcconfig; name = "Pods-SocketNetwork.release.xcconfig"; path = "Target Support Files/Pods-SocketNetwork/Pods-SocketNetwork.release.xcconfig"; sourceTree = "<group>"; };
		56B52CDB213E4C1600B9E9D4 /* SocketNetwork.app */ = {isa = PBXFileReference; explicitFileType = wrapper.application; includeInIndex = 0; path = SocketNetwork.app; sourceTree = BUILT_PRODUCTS_DIR; };
		56B52CDE213E4C1600B9E9D4 /* AppDelegate.swift */ = {isa = PBXFileReference; lastKnownFileType = sourcecode.swift; path = AppDelegate.swift; sourceTree = "<group>"; };
		56B52CE0213E4C1600B9E9D4 /* ViewController.swift */ = {isa = PBXFileReference; lastKnownFileType = sourcecode.swift; path = ViewController.swift; sourceTree = "<group>"; };
		56B52CE3213E4C1600B9E9D4 /* Base */ = {isa = PBXFileReference; lastKnownFileType = file.storyboard; name = Base; path = Base.lproj/Main.storyboard; sourceTree = "<group>"; };
		56B52CE5213E4C1700B9E9D4 /* Assets.xcassets */ = {isa = PBXFileReference; lastKnownFileType = folder.assetcatalog; path = Assets.xcassets; sourceTree = "<group>"; };
		56B52CE8213E4C1700B9E9D4 /* Base */ = {isa = PBXFileReference; lastKnownFileType = file.storyboard; name = Base; path = Base.lproj/LaunchScreen.storyboard; sourceTree = "<group>"; };
		56B52CEA213E4C1700B9E9D4 /* Info.plist */ = {isa = PBXFileReference; lastKnownFileType = text.plist.xml; path = Info.plist; sourceTree = "<group>"; };
		56B52CF0213E65A500B9E9D4 /* SocketIOManager.swift */ = {isa = PBXFileReference; lastKnownFileType = sourcecode.swift; path = SocketIOManager.swift; sourceTree = "<group>"; };
		56B52CF2213E830C00B9E9D4 /* Test.png */ = {isa = PBXFileReference; lastKnownFileType = image.png; path = Test.png; sourceTree = "<group>"; };
		73D2BD7F3B884854C024D9DD /* Pods_SocketNetwork.framework */ = {isa = PBXFileReference; explicitFileType = wrapper.framework; includeInIndex = 0; path = Pods_SocketNetwork.framework; sourceTree = BUILT_PRODUCTS_DIR; };
		A7954ABCEA6CFD27C4F17497 /* Pods-SocketNetwork.debug.xcconfig */ = {isa = PBXFileReference; includeInIndex = 1; lastKnownFileType = text.xcconfig; name = "Pods-SocketNetwork.debug.xcconfig"; path = "Target Support Files/Pods-SocketNetwork/Pods-SocketNetwork.debug.xcconfig"; sourceTree = "<group>"; };
/* End PBXFileReference section */

/* Begin PBXFrameworksBuildPhase section */
		56B52CD8213E4C1600B9E9D4 /* Frameworks */ = {
			isa = PBXFrameworksBuildPhase;
			buildActionMask = 2147483647;
			files = (
				F4A3BCBBEF3FC96E78805E0E /* Pods_SocketNetwork.framework in Frameworks */,
			);
			runOnlyForDeploymentPostprocessing = 0;
		};
/* End PBXFrameworksBuildPhase section */

/* Begin PBXGroup section */
		56B52CD2213E4C1600B9E9D4 = {
			isa = PBXGroup;
			children = (
				56B52CDD213E4C1600B9E9D4 /* SocketNetwork */,
				56B52CDC213E4C1600B9E9D4 /* Products */,
				D2118DD324346A504E510C47 /* Pods */,
				C42A3836454AD6592AF297B7 /* Frameworks */,
			);
			sourceTree = "<group>";
		};
		56B52CDC213E4C1600B9E9D4 /* Products */ = {
			isa = PBXGroup;
			children = (
				56B52CDB213E4C1600B9E9D4 /* SocketNetwork.app */,
			);
			name = Products;
			sourceTree = "<group>";
		};
		56B52CDD213E4C1600B9E9D4 /* SocketNetwork */ = {
			isa = PBXGroup;
			children = (
				56B52CDE213E4C1600B9E9D4 /* AppDelegate.swift */,
				56B52CE0213E4C1600B9E9D4 /* ViewController.swift */,
				56B52CF0213E65A500B9E9D4 /* SocketIOManager.swift */,
				56B52CE2213E4C1600B9E9D4 /* Main.storyboard */,
				56B52CE5213E4C1700B9E9D4 /* Assets.xcassets */,
				56B52CF2213E830C00B9E9D4 /* Test.png */,
				56B52CE7213E4C1700B9E9D4 /* LaunchScreen.storyboard */,
				56B52CEA213E4C1700B9E9D4 /* Info.plist */,
			);
			path = SocketNetwork;
			sourceTree = "<group>";
		};
		C42A3836454AD6592AF297B7 /* Frameworks */ = {
			isa = PBXGroup;
			children = (
				73D2BD7F3B884854C024D9DD /* Pods_SocketNetwork.framework */,
			);
			name = Frameworks;
			sourceTree = "<group>";
		};
		D2118DD324346A504E510C47 /* Pods */ = {
			isa = PBXGroup;
			children = (
				A7954ABCEA6CFD27C4F17497 /* Pods-SocketNetwork.debug.xcconfig */,
				00A78ADBBA1F23465AAEA880 /* Pods-SocketNetwork.release.xcconfig */,
			);
			path = Pods;
			sourceTree = "<group>";
		};
/* End PBXGroup section */

/* Begin PBXNativeTarget section */
		56B52CDA213E4C1600B9E9D4 /* SocketNetwork */ = {
			isa = PBXNativeTarget;
			buildConfigurationList = 56B52CED213E4C1700B9E9D4 /* Build configuration list for PBXNativeTarget "SocketNetwork" */;
			buildPhases = (
				1AD491976E23CCFC36E5D27C /* [CP] Check Pods Manifest.lock */,
				56B52CD7213E4C1600B9E9D4 /* Sources */,
				56B52CD8213E4C1600B9E9D4 /* Frameworks */,
				56B52CD9213E4C1600B9E9D4 /* Resources */,
				F29BD549261BA6F04C32C25B /* [CP] Embed Pods Frameworks */,
			);
			buildRules = (
			);
			dependencies = (
			);
			name = SocketNetwork;
			productName = SocketNetwork;
			productReference = 56B52CDB213E4C1600B9E9D4 /* SocketNetwork.app */;
			productType = "com.apple.product-type.application";
		};
/* End PBXNativeTarget section */

/* Begin PBXProject section */
		56B52CD3213E4C1600B9E9D4 /* Project object */ = {
			isa = PBXProject;
			attributes = {
				LastSwiftUpdateCheck = 0940;
				LastUpgradeCheck = 0940;
				ORGANIZATIONNAME = JAEJIN;
				TargetAttributes = {
					56B52CDA213E4C1600B9E9D4 = {
						CreatedOnToolsVersion = 9.4.1;
					};
				};
			};
			buildConfigurationList = 56B52CD6213E4C1600B9E9D4 /* Build configuration list for PBXProject "SocketNetwork" */;
			compatibilityVersion = "Xcode 9.3";
			developmentRegion = en;
			hasScannedForEncodings = 0;
			knownRegions = (
				en,
				Base,
			);
			mainGroup = 56B52CD2213E4C1600B9E9D4;
			productRefGroup = 56B52CDC213E4C1600B9E9D4 /* Products */;
			projectDirPath = "";
			projectRoot = "";
			targets = (
				56B52CDA213E4C1600B9E9D4 /* SocketNetwork */,
			);
		};
/* End PBXProject section */

/* Begin PBXResourcesBuildPhase section */
		56B52CD9213E4C1600B9E9D4 /* Resources */ = {
			isa = PBXResourcesBuildPhase;
			buildActionMask = 2147483647;
			files = (
				56B52CE9213E4C1700B9E9D4 /* LaunchScreen.storyboard in Resources */,
				56B52CF3213E830C00B9E9D4 /* Test.png in Resources */,
				56B52CE6213E4C1700B9E9D4 /* Assets.xcassets in Resources */,
				56B52CE4213E4C1600B9E9D4 /* Main.storyboard in Resources */,
			);
			runOnlyForDeploymentPostprocessing = 0;
		};
/* End PBXResourcesBuildPhase section */

/* Begin PBXShellScriptBuildPhase section */
		1AD491976E23CCFC36E5D27C /* [CP] Check Pods Manifest.lock */ = {
			isa = PBXShellScriptBuildPhase;
			buildActionMask = 2147483647;
			files = (
			);
			inputPaths = (
				"${PODS_PODFILE_DIR_PATH}/Podfile.lock",
				"${PODS_ROOT}/Manifest.lock",
			);
			name = "[CP] Check Pods Manifest.lock";
			outputPaths = (
				"$(DERIVED_FILE_DIR)/Pods-SocketNetwork-checkManifestLockResult.txt",
			);
			runOnlyForDeploymentPostprocessing = 0;
			shellPath = /bin/sh;
			shellScript = "diff \"${PODS_PODFILE_DIR_PATH}/Podfile.lock\" \"${PODS_ROOT}/Manifest.lock\" > /dev/null\nif [ $? != 0 ] ; then\n    # print error to STDERR\n    echo \"error: The sandbox is not in sync with the Podfile.lock. Run 'pod install' or update your CocoaPods installation.\" >&2\n    exit 1\nfi\n# This output is used by Xcode 'outputs' to avoid re-running this script phase.\necho \"SUCCESS\" > \"${SCRIPT_OUTPUT_FILE_0}\"\n";
			showEnvVarsInLog = 0;
		};
		F29BD549261BA6F04C32C25B /* [CP] Embed Pods Frameworks */ = {
			isa = PBXShellScriptBuildPhase;
			buildActionMask = 2147483647;
			files = (
			);
			inputPaths = (
				"${PODS_ROOT}/Target Support Files/Pods-SocketNetwork/Pods-SocketNetwork-frameworks.sh",
				"${BUILT_PRODUCTS_DIR}/Socket.IO-Client-Swift/SocketIO.framework",
				"${BUILT_PRODUCTS_DIR}/Starscream/Starscream.framework",
			);
			name = "[CP] Embed Pods Frameworks";
			outputPaths = (
				"${TARGET_BUILD_DIR}/${FRAMEWORKS_FOLDER_PATH}/SocketIO.framework",
				"${TARGET_BUILD_DIR}/${FRAMEWORKS_FOLDER_PATH}/Starscream.framework",
			);
			runOnlyForDeploymentPostprocessing = 0;
			shellPath = /bin/sh;
			shellScript = "\"${PODS_ROOT}/Target Support Files/Pods-SocketNetwork/Pods-SocketNetwork-frameworks.sh\"\n";
			showEnvVarsInLog = 0;
		};
/* End PBXShellScriptBuildPhase section */

/* Begin PBXSourcesBuildPhase section */
		56B52CD7213E4C1600B9E9D4 /* Sources */ = {
			isa = PBXSourcesBuildPhase;
			buildActionMask = 2147483647;
			files = (
				56B52CE1213E4C1600B9E9D4 /* ViewController.swift in Sources */,
				56B52CF1213E65A500B9E9D4 /* SocketIOManager.swift in Sources */,
				56B52CDF213E4C1600B9E9D4 /* AppDelegate.swift in Sources */,
			);
			runOnlyForDeploymentPostprocessing = 0;
		};
/* End PBXSourcesBuildPhase section */

/* Begin PBXVariantGroup section */
		56B52CE2213E4C1600B9E9D4 /* Main.storyboard */ = {
			isa = PBXVariantGroup;
			children = (
				56B52CE3213E4C1600B9E9D4 /* Base */,
			);
			name = Main.storyboard;
			sourceTree = "<group>";
		};
		56B52CE7213E4C1700B9E9D4 /* LaunchScreen.storyboard */ = {
			isa = PBXVariantGroup;
			children = (
				56B52CE8213E4C1700B9E9D4 /* Base */,
			);
			name = LaunchScreen.storyboard;
			sourceTree = "<group>";
		};
/* End PBXVariantGroup section */

/* Begin XCBuildConfiguration section */
		56B52CEB213E4C1700B9E9D4 /* Debug */ = {
			isa = XCBuildConfiguration;
			buildSettings = {
				ALWAYS_SEARCH_USER_PATHS = NO;
				CLANG_ANALYZER_NONNULL = YES;
				CLANG_ANALYZER_NUMBER_OBJECT_CONVERSION = YES_AGGRESSIVE;
				CLANG_CXX_LANGUAGE_STANDARD = "gnu++14";
				CLANG_CXX_LIBRARY = "libc++";
				CLANG_ENABLE_MODULES = YES;
				CLANG_ENABLE_OBJC_ARC = YES;
				CLANG_ENABLE_OBJC_WEAK = YES;
				CLANG_WARN_BLOCK_CAPTURE_AUTORELEASING = YES;
				CLANG_WARN_BOOL_CONVERSION = YES;
				CLANG_WARN_COMMA = YES;
				CLANG_WARN_CONSTANT_CONVERSION = YES;
				CLANG_WARN_DEPRECATED_OBJC_IMPLEMENTATIONS = YES;
				CLANG_WARN_DIRECT_OBJC_ISA_USAGE = YES_ERROR;
				CLANG_WARN_DOCUMENTATION_COMMENTS = YES;
				CLANG_WARN_EMPTY_BODY = YES;
				CLANG_WARN_ENUM_CONVERSION = YES;
				CLANG_WARN_INFINITE_RECURSION = YES;
				CLANG_WARN_INT_CONVERSION = YES;
				CLANG_WARN_NON_LITERAL_NULL_CONVERSION = YES;
				CLANG_WARN_OBJC_IMPLICIT_RETAIN_SELF = YES;
				CLANG_WARN_OBJC_LITERAL_CONVERSION = YES;
				CLANG_WARN_OBJC_ROOT_CLASS = YES_ERROR;
				CLANG_WARN_RANGE_LOOP_ANALYSIS = YES;
				CLANG_WARN_STRICT_PROTOTYPES = YES;
				CLANG_WARN_SUSPICIOUS_MOVE = YES;
				CLANG_WARN_UNGUARDED_AVAILABILITY = YES_AGGRESSIVE;
				CLANG_WARN_UNREACHABLE_CODE = YES;
				CLANG_WARN__DUPLICATE_METHOD_MATCH = YES;
				CODE_SIGN_IDENTITY = "iPhone Developer";
				COPY_PHASE_STRIP = NO;
				DEBUG_INFORMATION_FORMAT = dwarf;
				ENABLE_STRICT_OBJC_MSGSEND = YES;
				ENABLE_TESTABILITY = YES;
				GCC_C_LANGUAGE_STANDARD = gnu11;
				GCC_DYNAMIC_NO_PIC = NO;
				GCC_NO_COMMON_BLOCKS = YES;
				GCC_OPTIMIZATION_LEVEL = 0;
				GCC_PREPROCESSOR_DEFINITIONS = (
					"DEBUG=1",
					"$(inherited)",
				);
				GCC_WARN_64_TO_32_BIT_CONVERSION = YES;
				GCC_WARN_ABOUT_RETURN_TYPE = YES_ERROR;
				GCC_WARN_UNDECLARED_SELECTOR = YES;
				GCC_WARN_UNINITIALIZED_AUTOS = YES_AGGRESSIVE;
				GCC_WARN_UNUSED_FUNCTION = YES;
				GCC_WARN_UNUSED_VARIABLE = YES;
				IPHONEOS_DEPLOYMENT_TARGET = 11.4;
				MTL_ENABLE_DEBUG_INFO = YES;
				ONLY_ACTIVE_ARCH = YES;
				SDKROOT = iphoneos;
				SWIFT_ACTIVE_COMPILATION_CONDITIONS = DEBUG;
				SWIFT_OPTIMIZATION_LEVEL = "-Onone";
			};
			name = Debug;
		};
		56B52CEC213E4C1700B9E9D4 /* Release */ = {
			isa = XCBuildConfiguration;
			buildSettings = {
				ALWAYS_SEARCH_USER_PATHS = NO;
				CLANG_ANALYZER_NONNULL = YES;
				CLANG_ANALYZER_NUMBER_OBJECT_CONVERSION = YES_AGGRESSIVE;
				CLANG_CXX_LANGUAGE_STANDARD = "gnu++14";
				CLANG_CXX_LIBRARY = "libc++";
				CLANG_ENABLE_MODULES = YES;
				CLANG_ENABLE_OBJC_ARC = YES;
				CLANG_ENABLE_OBJC_WEAK = YES;
				CLANG_WARN_BLOCK_CAPTURE_AUTORELEASING = YES;
				CLANG_WARN_BOOL_CONVERSION = YES;
				CLANG_WARN_COMMA = YES;
				CLANG_WARN_CONSTANT_CONVERSION = YES;
				CLANG_WARN_DEPRECATED_OBJC_IMPLEMENTATIONS = YES;
				CLANG_WARN_DIRECT_OBJC_ISA_USAGE = YES_ERROR;
				CLANG_WARN_DOCUMENTATION_COMMENTS = YES;
				CLANG_WARN_EMPTY_BODY = YES;
				CLANG_WARN_ENUM_CONVERSION = YES;
				CLANG_WARN_INFINITE_RECURSION = YES;
				CLANG_WARN_INT_CONVERSION = YES;
				CLANG_WARN_NON_LITERAL_NULL_CONVERSION = YES;
				CLANG_WARN_OBJC_IMPLICIT_RETAIN_SELF = YES;
				CLANG_WARN_OBJC_LITERAL_CONVERSION = YES;
				CLANG_WARN_OBJC_ROOT_CLASS = YES_ERROR;
				CLANG_WARN_RANGE_LOOP_ANALYSIS = YES;
				CLANG_WARN_STRICT_PROTOTYPES = YES;
				CLANG_WARN_SUSPICIOUS_MOVE = YES;
				CLANG_WARN_UNGUARDED_AVAILABILITY = YES_AGGRESSIVE;
				CLANG_WARN_UNREACHABLE_CODE = YES;
				CLANG_WARN__DUPLICATE_METHOD_MATCH = YES;
				CODE_SIGN_IDENTITY = "iPhone Developer";
				COPY_PHASE_STRIP = NO;
				DEBUG_INFORMATION_FORMAT = "dwarf-with-dsym";
				ENABLE_NS_ASSERTIONS = NO;
				ENABLE_STRICT_OBJC_MSGSEND = YES;
				GCC_C_LANGUAGE_STANDARD = gnu11;
				GCC_NO_COMMON_BLOCKS = YES;
				GCC_WARN_64_TO_32_BIT_CONVERSION = YES;
				GCC_WARN_ABOUT_RETURN_TYPE = YES_ERROR;
				GCC_WARN_UNDECLARED_SELECTOR = YES;
				GCC_WARN_UNINITIALIZED_AUTOS = YES_AGGRESSIVE;
				GCC_WARN_UNUSED_FUNCTION = YES;
				GCC_WARN_UNUSED_VARIABLE = YES;
				IPHONEOS_DEPLOYMENT_TARGET = 11.4;
				MTL_ENABLE_DEBUG_INFO = NO;
				SDKROOT = iphoneos;
				SWIFT_COMPILATION_MODE = wholemodule;
				SWIFT_OPTIMIZATION_LEVEL = "-O";
				VALIDATE_PRODUCT = YES;
			};
			name = Release;
		};
		56B52CEE213E4C1700B9E9D4 /* Debug */ = {
			isa = XCBuildConfiguration;
			baseConfigurationReference = A7954ABCEA6CFD27C4F17497 /* Pods-SocketNetwork.debug.xcconfig */;
			buildSettings = {
				ASSETCATALOG_COMPILER_APPICON_NAME = AppIcon;
				CODE_SIGN_STYLE = Automatic;
				DEVELOPMENT_TEAM = 64NX5H9B23;
				INFOPLIST_FILE = SocketNetwork/Info.plist;
				LD_RUNPATH_SEARCH_PATHS = (
					"$(inherited)",
					"@executable_path/Frameworks",
				);
				PRODUCT_BUNDLE_IDENTIFIER = com.jaejin.SocketNetwork;
				PRODUCT_NAME = "$(TARGET_NAME)";
				SWIFT_VERSION = 4.0;
				TARGETED_DEVICE_FAMILY = "1,2";
			};
			name = Debug;
		};
		56B52CEF213E4C1700B9E9D4 /* Release */ = {
			isa = XCBuildConfiguration;
			baseConfigurationReference = 00A78ADBBA1F23465AAEA880 /* Pods-SocketNetwork.release.xcconfig */;
			buildSettings = {
				ASSETCATALOG_COMPILER_APPICON_NAME = AppIcon;
				CODE_SIGN_STYLE = Automatic;
				DEVELOPMENT_TEAM = 64NX5H9B23;
				INFOPLIST_FILE = SocketNetwork/Info.plist;
				LD_RUNPATH_SEARCH_PATHS = (
					"$(inherited)",
					"@executable_path/Frameworks",
				);
				PRODUCT_BUNDLE_IDENTIFIER = com.jaejin.SocketNetwork;
				PRODUCT_NAME = "$(TARGET_NAME)";
				SWIFT_VERSION = 4.0;
				TARGETED_DEVICE_FAMILY = "1,2";
			};
			name = Release;
		};
/* End XCBuildConfiguration section */

/* Begin XCConfigurationList section */
		56B52CD6213E4C1600B9E9D4 /* Build configuration list for PBXProject "SocketNetwork" */ = {
			isa = XCConfigurationList;
			buildConfigurations = (
				56B52CEB213E4C1700B9E9D4 /* Debug */,
				56B52CEC213E4C1700B9E9D4 /* Release */,
			);
			defaultConfigurationIsVisible = 0;
			defaultConfigurationName = Release;
		};
		56B52CED213E4C1700B9E9D4 /* Build configuration list for PBXNativeTarget "SocketNetwork" */ = {
			isa = XCConfigurationList;
			buildConfigurations = (
				56B52CEE213E4C1700B9E9D4 /* Debug */,
				56B52CEF213E4C1700B9E9D4 /* Release */,
			);
			defaultConfigurationIsVisible = 0;
			defaultConfigurationName = Release;
		};
/* End XCConfigurationList section */
	};
	rootObject = 56B52CD3213E4C1600B9E9D4 /* Project object */;
}
